
Microsoft Visual Studio Solution File, Format Version 12.00
# Visual Studio 15
VisualStudioVersion = 15.0.26730.10
MinimumVisualStudioVersion = 10.0.40219.1
Project("{9A19103F-16F7-4668-BE54-9A1E7A4F7556}") = "Fiver.Asp.Docker.Data", "Fiver.Asp.Docker.Data\Fiver.Asp.Docker.Data.csproj", "{F71E2CE5-D4D4-42EE-8CEA-14352D835CD9}"
EndProject
Project("{9A19103F-16F7-4668-BE54-9A1E7A4F7556}") = "Fiver.Asp.Docker.Api", "Fiver.Asp.Docker.Api\Fiver.Asp.Docker.Api.csproj", "{C5728864-71BD-4EBE-9EAE-554F65FF08BC}"
EndProject
Project("{9A19103F-16F7-4668-BE54-9A1E7A4F7556}") = "Fiver.Asp.Docker.Web", "Fiver.Asp.Docker.Web\Fiver.Asp.Docker.Web.csproj", "{00D9A25C-9B96-4E6C-A7A0-D5A48992EDD8}"
EndProject
Project("{2150E333-8FDC-42A3-9474-1A3956D46DE8}") = "docker", "docker", "{C61B8803-AEC3-47EB-B485-A6ACA61B54FE}"
	ProjectSection(SolutionItems) = preProject
		.dockerignore = .dockerignore
		.env = .env
		docker-compose.yml = docker-compose.yml
		Dockerfile_api = Dockerfile_api
		Dockerfile_web = Dockerfile_web
	EndProjectSection
EndProject
Global
	GlobalSection(SolutionConfigurationPlatforms) = preSolution
		Debug|Any CPU = Debug|Any CPU
		Release|Any CPU = Release|Any CPU
	EndGlobalSection
	GlobalSection(ProjectConfigurationPlatforms) = postSolution
		{F71E2CE5-D4D4-42EE-8CEA-14352D835CD9}.Debug|Any CPU.ActiveCfg = Debug|Any CPU
		{F71E2CE5-D4D4-42EE-8CEA-14352D835CD9}.Debug|Any CPU.Build.0 = Debug|Any CPU
		{F71E2CE5-D4D4-42EE-8CEA-14352D835CD9}.Release|Any CPU.ActiveCfg = Release|Any CPU
		{F71E2CE5-D4D4-42EE-8CEA-14352D835CD9}.Release|Any CPU.Build.0 = Release|Any CPU
		{C5728864-71BD-4EBE-9EAE-554F65FF08BC}.Debug|Any CPU.ActiveCfg = Debug|Any CPU
		{C5728864-71BD-4EBE-9EAE-554F65FF08BC}.Debug|Any CPU.Build.0 = Debug|Any CPU
		{C5728864-71BD-4EBE-9EAE-554F65FF08BC}.Release|Any CPU.ActiveCfg = Release|Any CPU
		{C5728864-71BD-4EBE-9EAE-554F65FF08BC}.Release|Any CPU.Build.0 = Release|Any CPU
		{00D9A25C-9B96-4E6C-A7A0-D5A48992EDD8}.Debug|Any CPU.ActiveCfg = Debug|Any CPU
		{00D9A25C-9B96-4E6C-A7A0-D5A48992EDD8}.Debug|Any CPU.Build.0 = Debug|Any CPU
		{00D9A25C-9B96-4E6C-A7A0-D5A48992EDD8}.Release|Any CPU.ActiveCfg = Release|Any CPU
		{00D9A25C-9B96-4E6C-A7A0-D5A48992EDD8}.Release|Any CPU.Build.0 = Release|Any CPU
	EndGlobalSection
	GlobalSection(SolutionProperties) = preSolution
		HideSolutionNode = FALSE
	EndGlobalSection
	GlobalSection(ExtensibilityGlobals) = postSolution
		SolutionGuid = {C367C246-843B-41F2-A531-B59317E36CB6}
	EndGlobalSection
EndGlobal
